
Microsoft Visual Studio Solution File, Format Version 12.00
# Visual Studio Version 16
VisualStudioVersion = 16.0.29409.12
MinimumVisualStudioVersion = 10.0.40219.1
Project("{FAE04EC0-301F-11D3-BF4B-00C04F79EFBC}") = "epamTrainingExternal", "epamTrainingSecond\epamTrainingExternal.csproj", "{5402B00D-C5B3-4017-B506-058C7688EA3A}"
EndProject
Project("{FAE04EC0-301F-11D3-BF4B-00C04F79EFBC}") = "Printer", "Printer\Printer.csproj", "{39465E49-C770-4BC9-8682-F093851EFBB8}"
EndProject
Project("{FAE04EC0-301F-11D3-BF4B-00C04F79EFBC}") = "FirstHomework", "FirstHomework\FirstHomework.csproj", "{71AA0B58-47E2-4D1D-8F32-218E318D69F8}"
EndProject
Project("{FAE04EC0-301F-11D3-BF4B-00C04F79EFBC}") = "SecondHomework", "SecondHomework\SecondHomework.csproj", "{E5BBBE2D-9A5C-4959-83B0-7D1F25D9EBB5}"
EndProject
Project("{FAE04EC0-301F-11D3-BF4B-00C04F79EFBC}") = "ThirdHomework", "ThirdHomework\ThirdHomework.csproj", "{B0906EEE-2BE2-442F-946A-5DC76D95F401}"
EndProject
Project("{FAE04EC0-301F-11D3-BF4B-00C04F79EFBC}") = "FifthHomework", "FifthHomework\FifthHomework.csproj", "{C855B014-1C37-4D4B-A253-4C8F4BC34611}"
EndProject
Project("{FAE04EC0-301F-11D3-BF4B-00C04F79EFBC}") = "SixHomework", "SixHomework\SixHomework.csproj", "{49E96FD7-2FD8-4620-8E5C-44669D4EB6E8}"
EndProject
Project("{FAE04EC0-301F-11D3-BF4B-00C04F79EFBC}") = "SeventhHomework", "SeventhHomework\SeventhHomework.csproj", "{6188200D-8C8B-44E7-8ADA-F53509AA978D}"
EndProject
Project("{FAE04EC0-301F-11D3-BF4B-00C04F79EFBC}") = "HomeworkEight", "HomeworkEight\HomeworkEight.csproj", "{7B2F3205-AE1D-4D1B-9106-6D3F286184BE}"
EndProject
Project("{FAE04EC0-301F-11D3-BF4B-00C04F79EFBC}") = "Logger", "Logger\Logger.csproj", "{7D7BE487-C782-45D3-86E0-3FE51EC450EF}"
EndProject
Project("{FAE04EC0-301F-11D3-BF4B-00C04F79EFBC}") = "NinthHomework", "NinthHomework\NinthHomework.csproj", "{957A9D2C-536E-4A6D-951D-79E41CFD0269}"
EndProject
Project("{FAE04EC0-301F-11D3-BF4B-00C04F79EFBC}") = "IocContainerAndRefactoringHomework", "IocContainerAndRefactoringHomework\IocContainerAndRefactoringHomework.csproj", "{E9A64542-62C6-4DC4-A662-03F7EC01044B}"
EndProject
Project("{FAE04EC0-301F-11D3-BF4B-00C04F79EFBC}") = "ProductionSecondTrainin", "ProductionSecondTrainin\ProductionSecondTrainin.csproj", "{ED13E3D2-EFE1-440D-8F7E-2D4191F9479A}"
EndProject
Project("{FAE04EC0-301F-11D3-BF4B-00C04F79EFBC}") = "NUnitTestOfProductionSecond", "NUnitTestOfProductionSecond\NUnitTestOfProductionSecond.csproj", "{BC1F58AA-AE35-43EF-BB2E-231F488F7DBB}"
EndProject
Global
	GlobalSection(SolutionConfigurationPlatforms) = preSolution
		Debug|Any CPU = Debug|Any CPU
		Release|Any CPU = Release|Any CPU
	EndGlobalSection
	GlobalSection(ProjectConfigurationPlatforms) = postSolution
		{5402B00D-C5B3-4017-B506-058C7688EA3A}.Debug|Any CPU.ActiveCfg = Debug|Any CPU
		{5402B00D-C5B3-4017-B506-058C7688EA3A}.Debug|Any CPU.Build.0 = Debug|Any CPU
		{5402B00D-C5B3-4017-B506-058C7688EA3A}.Release|Any CPU.ActiveCfg = Release|Any CPU
		{5402B00D-C5B3-4017-B506-058C7688EA3A}.Release|Any CPU.Build.0 = Release|Any CPU
		{39465E49-C770-4BC9-8682-F093851EFBB8}.Debug|Any CPU.ActiveCfg = Debug|Any CPU
		{39465E49-C770-4BC9-8682-F093851EFBB8}.Debug|Any CPU.Build.0 = Debug|Any CPU
		{39465E49-C770-4BC9-8682-F093851EFBB8}.Release|Any CPU.ActiveCfg = Release|Any CPU
		{39465E49-C770-4BC9-8682-F093851EFBB8}.Release|Any CPU.Build.0 = Release|Any CPU
		{71AA0B58-47E2-4D1D-8F32-218E318D69F8}.Debug|Any CPU.ActiveCfg = Debug|Any CPU
		{71AA0B58-47E2-4D1D-8F32-218E318D69F8}.Debug|Any CPU.Build.0 = Debug|Any CPU
		{71AA0B58-47E2-4D1D-8F32-218E318D69F8}.Release|Any CPU.ActiveCfg = Release|Any CPU
		{71AA0B58-47E2-4D1D-8F32-218E318D69F8}.Release|Any CPU.Build.0 = Release|Any CPU
		{E5BBBE2D-9A5C-4959-83B0-7D1F25D9EBB5}.Debug|Any CPU.ActiveCfg = Debug|Any CPU
		{E5BBBE2D-9A5C-4959-83B0-7D1F25D9EBB5}.Debug|Any CPU.Build.0 = Debug|Any CPU
		{E5BBBE2D-9A5C-4959-83B0-7D1F25D9EBB5}.Release|Any CPU.ActiveCfg = Release|Any CPU
		{E5BBBE2D-9A5C-4959-83B0-7D1F25D9EBB5}.Release|Any CPU.Build.0 = Release|Any CPU
		{B0906EEE-2BE2-442F-946A-5DC76D95F401}.Debug|Any CPU.ActiveCfg = Debug|Any CPU
		{B0906EEE-2BE2-442F-946A-5DC76D95F401}.Debug|Any CPU.Build.0 = Debug|Any CPU
		{B0906EEE-2BE2-442F-946A-5DC76D95F401}.Release|Any CPU.ActiveCfg = Release|Any CPU
		{B0906EEE-2BE2-442F-946A-5DC76D95F401}.Release|Any CPU.Build.0 = Release|Any CPU
		{C855B014-1C37-4D4B-A253-4C8F4BC34611}.Debug|Any CPU.ActiveCfg = Debug|Any CPU
		{C855B014-1C37-4D4B-A253-4C8F4BC34611}.Debug|Any CPU.Build.0 = Debug|Any CPU
		{C855B014-1C37-4D4B-A253-4C8F4BC34611}.Release|Any CPU.ActiveCfg = Release|Any CPU
		{C855B014-1C37-4D4B-A253-4C8F4BC34611}.Release|Any CPU.Build.0 = Release|Any CPU
		{49E96FD7-2FD8-4620-8E5C-44669D4EB6E8}.Debug|Any CPU.ActiveCfg = Debug|Any CPU
		{49E96FD7-2FD8-4620-8E5C-44669D4EB6E8}.Debug|Any CPU.Build.0 = Debug|Any CPU
		{49E96FD7-2FD8-4620-8E5C-44669D4EB6E8}.Release|Any CPU.ActiveCfg = Release|Any CPU
		{49E96FD7-2FD8-4620-8E5C-44669D4EB6E8}.Release|Any CPU.Build.0 = Release|Any CPU
		{6188200D-8C8B-44E7-8ADA-F53509AA978D}.Debug|Any CPU.ActiveCfg = Debug|Any CPU
		{6188200D-8C8B-44E7-8ADA-F53509AA978D}.Debug|Any CPU.Build.0 = Debug|Any CPU
		{6188200D-8C8B-44E7-8ADA-F53509AA978D}.Release|Any CPU.ActiveCfg = Release|Any CPU
		{6188200D-8C8B-44E7-8ADA-F53509AA978D}.Release|Any CPU.Build.0 = Release|Any CPU
		{7B2F3205-AE1D-4D1B-9106-6D3F286184BE}.Debug|Any CPU.ActiveCfg = Debug|Any CPU
		{7B2F3205-AE1D-4D1B-9106-6D3F286184BE}.Debug|Any CPU.Build.0 = Debug|Any CPU
		{7B2F3205-AE1D-4D1B-9106-6D3F286184BE}.Release|Any CPU.ActiveCfg = Release|Any CPU
		{7B2F3205-AE1D-4D1B-9106-6D3F286184BE}.Release|Any CPU.Build.0 = Release|Any CPU
		{7D7BE487-C782-45D3-86E0-3FE51EC450EF}.Debug|Any CPU.ActiveCfg = Debug|Any CPU
		{7D7BE487-C782-45D3-86E0-3FE51EC450EF}.Debug|Any CPU.Build.0 = Debug|Any CPU
		{7D7BE487-C782-45D3-86E0-3FE51EC450EF}.Release|Any CPU.ActiveCfg = Release|Any CPU
		{7D7BE487-C782-45D3-86E0-3FE51EC450EF}.Release|Any CPU.Build.0 = Release|Any CPU
		{957A9D2C-536E-4A6D-951D-79E41CFD0269}.Debug|Any CPU.ActiveCfg = Debug|Any CPU
		{957A9D2C-536E-4A6D-951D-79E41CFD0269}.Debug|Any CPU.Build.0 = Debug|Any CPU
		{957A9D2C-536E-4A6D-951D-79E41CFD0269}.Release|Any CPU.ActiveCfg = Release|Any CPU
		{957A9D2C-536E-4A6D-951D-79E41CFD0269}.Release|Any CPU.Build.0 = Release|Any CPU
		{E9A64542-62C6-4DC4-A662-03F7EC01044B}.Debug|Any CPU.ActiveCfg = Debug|Any CPU
		{E9A64542-62C6-4DC4-A662-03F7EC01044B}.Debug|Any CPU.Build.0 = Debug|Any CPU
		{E9A64542-62C6-4DC4-A662-03F7EC01044B}.Release|Any CPU.ActiveCfg = Release|Any CPU
		{E9A64542-62C6-4DC4-A662-03F7EC01044B}.Release|Any CPU.Build.0 = Release|Any CPU
		{ED13E3D2-EFE1-440D-8F7E-2D4191F9479A}.Debug|Any CPU.ActiveCfg = Debug|Any CPU
		{ED13E3D2-EFE1-440D-8F7E-2D4191F9479A}.Debug|Any CPU.Build.0 = Debug|Any CPU
		{ED13E3D2-EFE1-440D-8F7E-2D4191F9479A}.Release|Any CPU.ActiveCfg = Release|Any CPU
		{ED13E3D2-EFE1-440D-8F7E-2D4191F9479A}.Release|Any CPU.Build.0 = Release|Any CPU
		{BC1F58AA-AE35-43EF-BB2E-231F488F7DBB}.Debug|Any CPU.ActiveCfg = Debug|Any CPU
		{BC1F58AA-AE35-43EF-BB2E-231F488F7DBB}.Debug|Any CPU.Build.0 = Debug|Any CPU
		{BC1F58AA-AE35-43EF-BB2E-231F488F7DBB}.Release|Any CPU.ActiveCfg = Release|Any CPU
		{BC1F58AA-AE35-43EF-BB2E-231F488F7DBB}.Release|Any CPU.Build.0 = Release|Any CPU
	EndGlobalSection
	GlobalSection(SolutionProperties) = preSolution
		HideSolutionNode = FALSE
	EndGlobalSection
	GlobalSection(ExtensibilityGlobals) = postSolution
		SolutionGuid = {144AF48C-2794-4259-A40E-74A5C0C28A51}
	EndGlobalSection
EndGlobal
