
Microsoft Visual Studio Solution File, Format Version 12.00
# Visual Studio 15
VisualStudioVersion = 15.0.27130.2026
MinimumVisualStudioVersion = 10.0.40219.1
Project("{FAE04EC0-301F-11D3-BF4B-00C04F79EFBC}") = "epamTrainingExternal", "epamTrainingSecond\epamTrainingExternal.csproj", "{5402B00D-C5B3-4017-B506-058C7688EA3A}"
EndProject
Project("{FAE04EC0-301F-11D3-BF4B-00C04F79EFBC}") = "TestDll1", "TestDll1\TestDll1.csproj", "{6F80F72C-01C5-420D-8AA7-BA4813DF83D3}"
EndProject
Global
	GlobalSection(SolutionConfigurationPlatforms) = preSolution
		Debug|Any CPU = Debug|Any CPU
		Release|Any CPU = Release|Any CPU
	EndGlobalSection
	GlobalSection(ProjectConfigurationPlatforms) = postSolution
		{5402B00D-C5B3-4017-B506-058C7688EA3A}.Debug|Any CPU.ActiveCfg = Debug|Any CPU
		{5402B00D-C5B3-4017-B506-058C7688EA3A}.Debug|Any CPU.Build.0 = Debug|Any CPU
		{5402B00D-C5B3-4017-B506-058C7688EA3A}.Release|Any CPU.ActiveCfg = Release|Any CPU
		{5402B00D-C5B3-4017-B506-058C7688EA3A}.Release|Any CPU.Build.0 = Release|Any CPU
		{6F80F72C-01C5-420D-8AA7-BA4813DF83D3}.Debug|Any CPU.ActiveCfg = Debug|Any CPU
		{6F80F72C-01C5-420D-8AA7-BA4813DF83D3}.Debug|Any CPU.Build.0 = Debug|Any CPU
		{6F80F72C-01C5-420D-8AA7-BA4813DF83D3}.Release|Any CPU.ActiveCfg = Release|Any CPU
		{6F80F72C-01C5-420D-8AA7-BA4813DF83D3}.Release|Any CPU.Build.0 = Release|Any CPU
	EndGlobalSection
	GlobalSection(SolutionProperties) = preSolution
		HideSolutionNode = FALSE
	EndGlobalSection
	GlobalSection(ExtensibilityGlobals) = postSolution
		SolutionGuid = {144AF48C-2794-4259-A40E-74A5C0C28A51}
	EndGlobalSection
EndGlobal
